# THIS IS AN AUTOGENERATED FILE. DO NOT EDIT THIS FILE DIRECTLY.
# yarn lockfile v1


"@esfx/async-autoresetevent@^1.0.0-pre.8":
  version "1.0.0-pre.8"
  resolved "https://registry.yarnpkg.com/@esfx/async-autoresetevent/-/async-autoresetevent-1.0.0-pre.8.tgz#4b4d080e8e967e4bd017d15d5dd33e7de01d4575"
  integrity sha512-xvOjKAvhPCKhKCnsY9rfUMtrNtvVsbcEJWvCMiVUtNtY2J7fbSijNr0UwLlRg5RzgHr+5J/vPK4Lxfciv7sqYQ==
  dependencies:
    "@esfx/async-waitqueue" "^1.0.0-pre.8"
    "@esfx/cancelable" "^1.0.0-pre.8"
    "@esfx/internal-guards" "^1.0.0-pre.6"
    "@esfx/internal-tag" "^1.0.0-pre.6"
    tslib "^1.9.3"

"@esfx/async-barrier@^1.0.0-pre.8":
  version "1.0.0-pre.8"
  resolved "https://registry.yarnpkg.com/@esfx/async-barrier/-/async-barrier-1.0.0-pre.8.tgz#218f0b49f3c9b8c688ab0ed8a6d04392b5a4269d"
  integrity sha512-irglbUdf5LrIZn/L1Ud+RqFQUOcGt7QsuPchxLNyDIvVbOvL/PLUGKTkOiKLM7zEgwagRp6wo7RBDXMbXHrXwg==
  dependencies:
    "@esfx/async-waitqueue" "^1.0.0-pre.8"
    "@esfx/cancelable" "^1.0.0-pre.8"
    "@esfx/internal-guards" "^1.0.0-pre.6"
    "@esfx/internal-tag" "^1.0.0-pre.6"
    tslib "^1.9.3"

"@esfx/async-canceltoken@^1.0.0-pre.8":
  version "1.0.0-pre.8"
  resolved "https://registry.yarnpkg.com/@esfx/async-canceltoken/-/async-canceltoken-1.0.0-pre.8.tgz#7168e563b71d825e0547479ac04e9356e9dd31f8"
  integrity sha512-0JnTrAC1YLMot1HI6JGE3JB5Y6I7DsRHKGBagiWRYqJde+MjBxFypfPWrtY6yTD22p0oDl1GW0MeKzvMjkySWQ==
  dependencies:
    "@esfx/cancelable" "^1.0.0-pre.8"
    "@esfx/collections-linkedlist" "^1.0.0-pre.8"
    "@esfx/disposable" "^1.0.0-pre.8"
    "@esfx/internal-guards" "^1.0.0-pre.6"
    "@esfx/internal-tag" "^1.0.0-pre.6"
    tslib "^1.9.3"

"@esfx/async-conditionvariable@^1.0.0-pre.8":
  version "1.0.0-pre.8"
  resolved "https://registry.yarnpkg.com/@esfx/async-conditionvariable/-/async-conditionvariable-1.0.0-pre.8.tgz#89951a782d34055b683bc685264480bc176f87de"
  integrity sha512-F+wEuC13ZzswK2wamsHdReb/NucwpHKeBlsL+J8WSgPM/OtY2Uz1BjwXsXXewLDS+vguUX85ZTuFOs55k1Gyzw==
  dependencies:
    "@esfx/async-lockable" "^1.0.0-pre.8"
    "@esfx/cancelable" "^1.0.0-pre.8"
    "@esfx/collections-linkedlist" "^1.0.0-pre.8"
    "@esfx/internal-guards" "^1.0.0-pre.6"
    "@esfx/internal-tag" "^1.0.0-pre.6"
    tslib "^1.9.3"

"@esfx/async-countdown@^1.0.0-pre.8":
  version "1.0.0-pre.8"
  resolved "https://registry.yarnpkg.com/@esfx/async-countdown/-/async-countdown-1.0.0-pre.8.tgz#5519882441a1ebd3be541443ec0e565c013f4562"
  integrity sha512-V2KmMIPCQshqZbJg7g6fF1s1KUVtjuos2vnjURaNCIihzlpsKBg5ypcnh241CAtsFRkOIImT+YT5bprYuatHFQ==
  dependencies:
    "@esfx/async-manualresetevent" "^1.0.0-pre.8"
    "@esfx/cancelable" "^1.0.0-pre.8"
    "@esfx/internal-guards" "^1.0.0-pre.6"
    "@esfx/internal-tag" "^1.0.0-pre.6"
    tslib "^1.9.3"

"@esfx/async-deferred@^1.0.0-pre.8":
  version "1.0.0-pre.8"
  resolved "https://registry.yarnpkg.com/@esfx/async-deferred/-/async-deferred-1.0.0-pre.8.tgz#f66b2206126b8f83099bf82bbf174291fc1cfa6c"
  integrity sha512-eqk9LbpLMOO9CA9f1ggTyELd23TfdZZxueAcpEFDME8ycQCeuuAj29oKMZ/9QCfwQfpcSBe3viwzXrDf4B1CPQ==
  dependencies:
    "@esfx/internal-tag" "^1.0.0-pre.6"
    tslib "^1.9.3"

"@esfx/async-delay@^1.0.0-pre.8":
  version "1.0.0-pre.8"
  resolved "https://registry.yarnpkg.com/@esfx/async-delay/-/async-delay-1.0.0-pre.8.tgz#c2928694ea06b81185f2861023bea795c02de4e7"
  integrity sha512-M4fXhRe5A0udmXbStXjpvwxvGQ4k7ldt+J3EOKcAvttV/Dk80MCI/9+QncRAfmAAgxhIuf/Xlo5r7uU4OWKHyA==
  dependencies:
    "@esfx/cancelable" "^1.0.0-pre.8"
    tslib "^1.9.3"

"@esfx/async-lazy@^1.0.0-pre.8":
  version "1.0.0-pre.8"
  resolved "https://registry.yarnpkg.com/@esfx/async-lazy/-/async-lazy-1.0.0-pre.8.tgz#71da3c686980839fc7092ce66199b2b8c188b911"
  integrity sha512-FuZOQQYydXfb8Zg1d/V5LpeQqIA8LRZdKDRNBxgcjYHAfdQzUEeYmdO+usKMl28YXg+Ppvp+vcqh1s0I9mGWFg==
  dependencies:
    "@esfx/async-canceltoken" "^1.0.0-pre.8"
    "@esfx/cancelable" "^1.0.0-pre.8"
    "@esfx/internal-guards" "^1.0.0-pre.6"
    "@esfx/internal-tag" "^1.0.0-pre.6"
    tslib "^1.9.3"

"@esfx/async-lockable@^1.0.0-pre.8":
  version "1.0.0-pre.8"
  resolved "https://registry.yarnpkg.com/@esfx/async-lockable/-/async-lockable-1.0.0-pre.8.tgz#65f33fdeda21157fd9341b885dada22dedc2cd84"
  integrity sha512-3jC9v1Aw1HiXvijIxTrOXLNZi9Vgb6mJOXxe1kbb3ER+106ZvsYvmoZjJeIiRC1kOftFbZDgniHBI9bYmfJo8g==
  dependencies:
    "@esfx/cancelable" "^1.0.0-pre.8"
    "@esfx/disposable" "^1.0.0-pre.8"
    "@esfx/internal-guards" "^1.0.0-pre.6"
    "@esfx/internal-tag" "^1.0.0-pre.6"
    tslib "^1.9.3"

"@esfx/async-manualresetevent@^1.0.0-pre.8":
  version "1.0.0-pre.8"
  resolved "https://registry.yarnpkg.com/@esfx/async-manualresetevent/-/async-manualresetevent-1.0.0-pre.8.tgz#5c481513c77682451f62434a0817348608ffa139"
  integrity sha512-ynsIE1HQGlvaQbG6ouGoM7DvseSYX7t21JA5YUWSljcXIzh184k0bJ7jRxBDV63G/RZVj+4KqFQrmBdjRyWWwQ==
  dependencies:
    "@esfx/async-waitqueue" "^1.0.0-pre.8"
    "@esfx/cancelable" "^1.0.0-pre.8"
    "@esfx/internal-guards" "^1.0.0-pre.6"
    "@esfx/internal-tag" "^1.0.0-pre.6"
    tslib "^1.9.3"

"@esfx/async-mutex@^1.0.0-pre.8":
  version "1.0.0-pre.8"
  resolved "https://registry.yarnpkg.com/@esfx/async-mutex/-/async-mutex-1.0.0-pre.8.tgz#71e95eca8f58d02cffa0f027cbb725435a616d21"
  integrity sha512-v0k6P8JRIneBhetRNVvwA0vczNW7nbxZyE+pQWjGAirZ4i0ouDb3O8Wl4vnp/noBT9vITy+jM7phpz1AyskHzQ==
  dependencies:
    "@esfx/async-lockable" "^1.0.0-pre.8"
    "@esfx/async-waitqueue" "^1.0.0-pre.8"
    "@esfx/cancelable" "^1.0.0-pre.8"
    "@esfx/disposable" "^1.0.0-pre.8"
    "@esfx/internal-tag" "^1.0.0-pre.6"
    tslib "^1.9.3"

"@esfx/async-queue@^1.0.0-pre.8":
  version "1.0.0-pre.8"
  resolved "https://registry.yarnpkg.com/@esfx/async-queue/-/async-queue-1.0.0-pre.8.tgz#1e090f142cf01c781763ff287a37c94836e1a0b8"
  integrity sha512-LvZMlNtPDsoEXhQI7OCX8Nn2kisX/UqtZG2hrJmiPDodmFyq3Pt+r4msjV3t4boMM1+OgID1BYGYCz5NltJn6w==
  dependencies:
    "@esfx/async-waitqueue" "^1.0.0-pre.8"
    "@esfx/cancelable" "^1.0.0-pre.8"
    "@esfx/internal-guards" "^1.0.0-pre.6"
    "@esfx/internal-tag" "^1.0.0-pre.6"
    tslib "^1.9.3"

"@esfx/async-readerwriterlock@^1.0.0-pre.8":
  version "1.0.0-pre.8"
  resolved "https://registry.yarnpkg.com/@esfx/async-readerwriterlock/-/async-readerwriterlock-1.0.0-pre.8.tgz#041f9bf9af0d733336e47c3d3dcca0c10971ac88"
  integrity sha512-Y2yvKAPGgnj0MWCVoxpu1acI9puTsUukK1YwBm5ArC9ZC0+BWn0wT1k3vRrdYJLaZNcplwiw0QwySh2VireAmw==
  dependencies:
    "@esfx/async-lockable" "^1.0.0-pre.8"
    "@esfx/async-waitqueue" "^1.0.0-pre.8"
    "@esfx/cancelable" "^1.0.0-pre.8"
    "@esfx/disposable" "^1.0.0-pre.8"
    "@esfx/internal-tag" "^1.0.0-pre.6"
    tslib "^1.9.3"

"@esfx/async-semaphore@^1.0.0-pre.8":
  version "1.0.0-pre.8"
  resolved "https://registry.yarnpkg.com/@esfx/async-semaphore/-/async-semaphore-1.0.0-pre.8.tgz#5fb921911564f6f76c072d3ffc2e98a54f6e4bf7"
  integrity sha512-I4fVCkighNHqjhDDDU4VznDhC4aSV7NXHqO+R3KjsWHhMxAjnhSM7JSq6x2QVqquUafUGXufT9yyxnQdvlE4hQ==
  dependencies:
    "@esfx/async-waitqueue" "^1.0.0-pre.8"
    "@esfx/cancelable" "^1.0.0-pre.8"
    "@esfx/internal-guards" "^1.0.0-pre.6"
    "@esfx/internal-integers" "^1.0.0-pre.5"
    "@esfx/internal-tag" "^1.0.0-pre.6"
    tslib "^1.9.3"

"@esfx/async-stack@^1.0.0-pre.8":
  version "1.0.0-pre.8"
  resolved "https://registry.yarnpkg.com/@esfx/async-stack/-/async-stack-1.0.0-pre.8.tgz#d5e0c944cb944e031820b49070a9a1a46d5f7709"
  integrity sha512-byPaNLwucoXXgA3P0oVAgkvqnX16Z9ipvBUFsidW8Oi11rebK2FZWxhkCE3hZk7w9HiY6GjycNpb9SWeYkuSpA==
  dependencies:
    "@esfx/async-waitqueue" "^1.0.0-pre.8"
    "@esfx/cancelable" "^1.0.0-pre.8"
    "@esfx/internal-guards" "^1.0.0-pre.6"
    "@esfx/internal-tag" "^1.0.0-pre.6"
    tslib "^1.9.3"

"@esfx/async-waitqueue@^1.0.0-pre.8":
  version "1.0.0-pre.8"
  resolved "https://registry.yarnpkg.com/@esfx/async-waitqueue/-/async-waitqueue-1.0.0-pre.8.tgz#0becc6c8829080b4dfb564d7d88148a1e151d7d7"
  integrity sha512-Eapq4xkwZkNSQxWM+/H4fgRcVEC0sXd4Gt+M95PQ88HbWuswFEpgf1ie7zPnyr7VJYb7VxPLM49f0K0SA5zjpA==
  dependencies:
    "@esfx/cancelable" "^1.0.0-pre.8"
    "@esfx/collections-linkedlist" "^1.0.0-pre.8"
    "@esfx/internal-guards" "^1.0.0-pre.6"
    "@esfx/internal-tag" "^1.0.0-pre.6"
    tslib "^1.9.3"

"@esfx/async@1.0.0-pre.8":
  version "1.0.0-pre.8"
  resolved "https://registry.yarnpkg.com/@esfx/async/-/async-1.0.0-pre.8.tgz#89fa8a0efc8ae357d9edf235e239537c397da0a0"
  integrity sha512-/2MtLCTO3nNtD+2fzuSjsWQnZhlrz75uB4Vu867WeX9T7YgyLm/P7qmTPpgRJRR2jdp4x9TmG9Lh2r3tTorBUw==
  dependencies:
    "@esfx/async-autoresetevent" "^1.0.0-pre.8"
    "@esfx/async-barrier" "^1.0.0-pre.8"
    "@esfx/async-canceltoken" "^1.0.0-pre.8"
    "@esfx/async-conditionvariable" "^1.0.0-pre.8"
    "@esfx/async-countdown" "^1.0.0-pre.8"
    "@esfx/async-deferred" "^1.0.0-pre.8"
    "@esfx/async-delay" "^1.0.0-pre.8"
    "@esfx/async-lazy" "^1.0.0-pre.8"
    "@esfx/async-lockable" "^1.0.0-pre.8"
    "@esfx/async-manualresetevent" "^1.0.0-pre.8"
    "@esfx/async-mutex" "^1.0.0-pre.8"
    "@esfx/async-queue" "^1.0.0-pre.8"
    "@esfx/async-readerwriterlock" "^1.0.0-pre.8"
    "@esfx/async-semaphore" "^1.0.0-pre.8"
    "@esfx/async-stack" "^1.0.0-pre.8"
    tslib "^1.9.3"

"@esfx/cancelable@^1.0.0-pre.8":
  version "1.0.0-pre.8"
  resolved "https://registry.yarnpkg.com/@esfx/cancelable/-/cancelable-1.0.0-pre.8.tgz#898e1117ddafc04acc6b8a2c9cbff22c85f1d516"
  integrity sha512-BHIK0KYXEQZHBPXe5niHChfcJhPpNvdXBhAntHnYuZRhrZIXmDDipdiURDnrYsgn5jh4mYxf22N+w0S861+u6Q==
  dependencies:
    "@esfx/disposable" "^1.0.0-pre.8"
    "@esfx/internal-guards" "^1.0.0-pre.6"
    "@esfx/internal-tag" "^1.0.0-pre.6"
    tslib "^1.9.3"

"@esfx/collection-core@^1.0.0-pre.8":
  version "1.0.0-pre.8"
  resolved "https://registry.yarnpkg.com/@esfx/collection-core/-/collection-core-1.0.0-pre.8.tgz#7a722325cee657977abf0018bf1c3cba1c924ec3"
  integrity sha512-yL0GxAcwKM+Gn8zamSGpXO2zbVoX3BRQ1PC/KqyY8Y7rNUv9ObXVrSA8imjXYD0JVx4K7btSVJLiFo/25AVU5w==
  dependencies:
    "@esfx/internal-guards" "^1.0.0-pre.6"
    tslib "^1.9.3"

"@esfx/collections-linkedlist@^1.0.0-pre.8":
  version "1.0.0-pre.8"
  resolved "https://registry.yarnpkg.com/@esfx/collections-linkedlist/-/collections-linkedlist-1.0.0-pre.8.tgz#38044c6dae877e6f576335050f186a0cb6135913"
  integrity sha512-a9nkDzo1qP4qlXuZszpYo50fKBVOckovu5IPGiGSagJhIBUf379w9jTBnYI3CaJB1FihzI9RgOu02i2MtKR9Wg==
  dependencies:
    "@esfx/collection-core" "^1.0.0-pre.8"
    "@esfx/equatable" "^1.0.0-pre.8"
    "@esfx/internal-guards" "^1.0.0-pre.6"
    tslib "^1.9.3"

"@esfx/disposable@1.0.0-pre.8", "@esfx/disposable@^1.0.0-pre.8":
  version "1.0.0-pre.8"
  resolved "https://registry.yarnpkg.com/@esfx/disposable/-/disposable-1.0.0-pre.8.tgz#3f49872d7227c2e4338a978e9d688d8582927d55"
  integrity sha512-4uPYpwuDnan7yCf4i5/psZwsGXfJhRP80wx4hWGt0jYDIivfPKV2e+hX1kcSsmM4D6at1z9Qig4Zb2LJuhm5cw==
  dependencies:
    "@esfx/internal-guards" "^1.0.0-pre.6"
    "@esfx/internal-tag" "^1.0.0-pre.6"
    tslib "^1.9.3"

"@esfx/equatable@^1.0.0-pre.8":
  version "1.0.0-pre.8"
  resolved "https://registry.yarnpkg.com/@esfx/equatable/-/equatable-1.0.0-pre.8.tgz#313897af845b47b57f380f4598d80ead7cfdb282"
  integrity sha512-HdEGOVjg3ebPxeM3n1E02TxCkHqCdKocwKtd+ilc6SDfDt2D+NdVfFvnb/E3s1a2bcSYyAF0/KZ4zYRimNGmRw==
  dependencies:
    "@esfx/internal-hashcode" "^1.0.0-pre.5"
    tslib "^1.9.3"

"@esfx/internal-guards@^1.0.0-pre.6":
  version "1.0.0-pre.6"
  resolved "https://registry.yarnpkg.com/@esfx/internal-guards/-/internal-guards-1.0.0-pre.6.tgz#e4f42f12e0222995914700ffa80610f8cc2a7069"
  integrity sha512-BHUioO3f/zURjNmTIgtVSnD9RNm+TUf7BYfvkF58xJtoO/ARkAU3n8ylwCT7g0ikoT2EheUAfU+6MVWXuWPwEw==
  dependencies:
    "@esfx/type-model" "^1.0.0-pre.6"
    tslib "^1.9.3"

"@esfx/internal-hashcode@^1.0.0-pre.5":
  version "1.0.0-pre.5"
  resolved "https://registry.yarnpkg.com/@esfx/internal-hashcode/-/internal-hashcode-1.0.0-pre.5.tgz#fa2bf058c87f4fb29de0a09b8b53a95daff00b79"
  integrity sha512-1QZcTEGTP0Qdg3VTxAjjNviHSX7JaPN/ZoBHZQrXcVMXFvMo5vuFsisVjdxjWFFjOgoNwXzqA8lSrkMhrHgpdA==
  dependencies:
    "@esfx/internal-murmur3" "^1.0.0-pre.5"
    tslib "^1.9.3"

"@esfx/internal-integers@^1.0.0-pre.5":
  version "1.0.0-pre.5"
  resolved "https://registry.yarnpkg.com/@esfx/internal-integers/-/internal-integers-1.0.0-pre.5.tgz#eb37e35751f014d5c7124eed4274e089218e01ac"
  integrity sha512-+HrVfzHbWhKZ0AqteSeL9SCTToK3+Xi9S7dkO1FHDqfVZqJLrVTNklfOJVAoiHA9c9se3DrGTcxZxzNOYcuazw==
  dependencies:
    tslib "^1.9.3"

"@esfx/internal-murmur3@^1.0.0-pre.5":
  version "1.0.0-pre.5"
  resolved "https://registry.yarnpkg.com/@esfx/internal-murmur3/-/internal-murmur3-1.0.0-pre.5.tgz#2108bbff6e2a3f9a70c4ad9d19d8be46ea8425ed"
  integrity sha512-Jq+oO1sbxWeUvIoyS7tOF+jg1KLitOOD1/TPTmdYGu/ss53kM8GXaGw5H4x/g07tQfQdC3QyDlepxK/dvoQqoQ==
  dependencies:
    tslib "^1.9.3"

"@esfx/internal-tag@^1.0.0-pre.6":
  version "1.0.0-pre.6"
  resolved "https://registry.yarnpkg.com/@esfx/internal-tag/-/internal-tag-1.0.0-pre.6.tgz#14fc9c539765ac76340474cce747965e19b51833"
  integrity sha512-nODidP9/RBLqX39HL12IhFLgaoBHrC5nrm6D/BwquCGNoPQI9EXNPau+IdmGqeUcaMoVOFLFOkYtnHU52RVngw==

"@esfx/type-model@^1.0.0-pre.6":
  version "1.0.0-pre.6"
  resolved "https://registry.yarnpkg.com/@esfx/type-model/-/type-model-1.0.0-pre.6.tgz#4e06271c0d2eee8a1a0814794095fd71ab11b7a2"
  integrity sha512-P6XiQ8fRixLJN9nmMw8/EXgrRubSYbF6o/9dIRdC9KTOzzRDMgwPCnun1uZ06Ulmetn8unvwUExIE9YsRntLeQ==
  dependencies:
    tslib "^1.9.3"

"@oclif/command@1.5.14", "@oclif/command@^1.5.13":
  version "1.5.14"
  resolved "https://registry.yarnpkg.com/@oclif/command/-/command-1.5.14.tgz#cdf6013134abfb5630783f27e78436096ce3ed88"
  integrity sha512-R9gat0yUjamDVd4trvFgjlx2XYuMz1nM0uEBFP6nR1zOQAwJ3E1zqYbsVlCMWiUDGjU1hYmudmK7IjAxDUoqDw==
  dependencies:
    "@oclif/errors" "^1.2.2"
    "@oclif/parser" "^3.7.3"
    debug "^4.1.1"
    semver "^5.6.0"

"@oclif/config@1.13.0":
  version "1.13.0"
  resolved "https://registry.yarnpkg.com/@oclif/config/-/config-1.13.0.tgz#fc2bd82a9cb30a73faf7d2aa5ae937c719492bd1"
  integrity sha512-ttb4l85q7SBx+WlUJY4A9eXLgv4i7hGDNGaXnY9fDKrYD7PBMwNOQ3Ssn2YT2yARAjyOxVE/5LfcwhQGq4kzqg==
  dependencies:
    debug "^4.1.1"
    tslib "^1.9.3"

"@oclif/errors@1.2.2", "@oclif/errors@^1.2.2":
  version "1.2.2"
  resolved "https://registry.yarnpkg.com/@oclif/errors/-/errors-1.2.2.tgz#9d8f269b15f13d70aa93316fed7bebc24688edc2"
  integrity sha512-Eq8BFuJUQcbAPVofDxwdE0bL14inIiwt5EaKRVY9ZDIG11jwdXZqiQEECJx0VfnLyUZdYfRd/znDI/MytdJoKg==
  dependencies:
    clean-stack "^1.3.0"
    fs-extra "^7.0.0"
    indent-string "^3.2.0"
    strip-ansi "^5.0.0"
    wrap-ansi "^4.0.0"

"@oclif/linewrap@^1.0.0":
  version "1.0.0"
  resolved "https://registry.yarnpkg.com/@oclif/linewrap/-/linewrap-1.0.0.tgz#aedcb64b479d4db7be24196384897b5000901d91"
  integrity sha512-Ups2dShK52xXa8w6iBWLgcjPJWjais6KPJQq3gQ/88AY6BXoTX+MIGFPrWQO1KLMiQfoTpcLnUwloN4brrVUHw==

"@oclif/parser@^3.7.3":
  version "3.8.1"
  resolved "https://registry.yarnpkg.com/@oclif/parser/-/parser-3.8.1.tgz#3c842ef4a8ce3d1f5bcfa5938d3fbebf1c6a0618"
  integrity sha512-0OavFuLj6FBTdZDD6DXdNqH4qdLFLQD/PKK1OvNZhUd4/5v/lp6Ftzilwmirf549naNHq0u15uk1YCBvym5tNQ==
  dependencies:
    "@oclif/linewrap" "^1.0.0"
    chalk "^2.4.2"
    tslib "^1.9.3"

"@oclif/plugin-help@2.2.0":
  version "2.2.0"
  resolved "https://registry.yarnpkg.com/@oclif/plugin-help/-/plugin-help-2.2.0.tgz#8dfc1c80deae47a205fbc70b018747ba93f31cc3"
  integrity sha512-56iIgE7NQfwy/ZrWrvrEfJGb5rrMUt409yoQGw4feiU101UudA1btN1pbUbcKBr7vY9KFeqZZcftXEGxOp7zBg==
  dependencies:
    "@oclif/command" "^1.5.13"
    chalk "^2.4.1"
    indent-string "^3.2.0"
    lodash.template "^4.4.0"
    string-width "^3.0.0"
    strip-ansi "^5.0.0"
    widest-line "^2.0.1"
    wrap-ansi "^4.0.0"

"@types/node@13.1.8":
  version "13.1.8"
  resolved "https://registry.yarnpkg.com/@types/node/-/node-13.1.8.tgz#1d590429fe8187a02707720ecf38a6fe46ce294b"
  integrity sha512-6XzyyNM9EKQW4HKuzbo/CkOIjn/evtCmsU+MUM1xDfJ+3/rNjBttM1NgN7AOQvN6tP1Sl1D1PIKMreTArnxM9A==

"@types/prop-types@*":
  version "15.7.1"
  resolved "https://registry.yarnpkg.com/@types/prop-types/-/prop-types-15.7.1.tgz#f1a11e7babb0c3cad68100be381d1e064c68f1f6"
  integrity sha512-CFzn9idOEpHrgdw8JsoTkaDDyRWk1jrzIV8djzcgpq0y9tG4B4lFT+Nxh52DVpDXV+n4+NPNv7M1Dj5uMp6XFg==

"@types/react@^16.8.12", "@types/react@^16.8.6":
  version "16.8.20"
  resolved "https://registry.yarnpkg.com/@types/react/-/react-16.8.20.tgz#4f633ecbd0a4d56d0ccc50fff6f9321bbcd7d583"
  integrity sha512-ZLmI+ubSJpfUIlQuULDDrdyuFQORBuGOvNnMue8HeA0GVrAJbWtZQhcBvnBPNRBI/GrfSfrKPFhthzC2SLEtLQ==
  dependencies:
    "@types/prop-types" "*"
    csstype "^2.2.0"

"@types/yargs-parser@*":
  version "13.0.0"
  resolved "https://registry.yarnpkg.com/@types/yargs-parser/-/yargs-parser-13.0.0.tgz#453743c5bbf9f1bed61d959baab5b06be029b2d0"
  integrity sha512-wBlsw+8n21e6eTd4yVv8YD/E3xq0O6nNnJIquutAsFGE7EyMKz7W6RNT6BRu1SmdgmlCZ9tb0X+j+D6HGr8pZw==

"@types/yargs@13.0.0":
  version "13.0.0"
  resolved "https://registry.yarnpkg.com/@types/yargs/-/yargs-13.0.0.tgz#d2acb3bec0047d8f648ebacdab6b928a900c42c4"
  integrity sha512-hY0o+kcz9M6kH32NUeb6VURghqMuCVkiUx+8Btsqhj4Hhov/hVGUx9DmBJeIkzlp1uAQK4wngQBCjqWdUUkFyA==
  dependencies:
    "@types/yargs-parser" "*"

ansi-escapes@^3.2.0:
  version "3.2.0"
  resolved "https://registry.yarnpkg.com/ansi-escapes/-/ansi-escapes-3.2.0.tgz#8780b98ff9dbf5638152d1f1fe5c1d7b4442976b"
  integrity sha512-cBhpre4ma+U0T1oM5fXg7Dy1Jw7zzwv7lt/GoCpr+hDQJoYnKVPLL4dCvSEFMmQurOQvSrwT7SL/DAlhBI97RQ==

ansi-regex@^3.0.0:
  version "3.0.0"
  resolved "https://registry.yarnpkg.com/ansi-regex/-/ansi-regex-3.0.0.tgz#ed0317c322064f79466c02966bddb605ab37d998"
  integrity sha1-7QMXwyIGT3lGbAKWa922Bas32Zg=

ansi-regex@^4.1.0:
  version "4.1.0"
  resolved "https://registry.yarnpkg.com/ansi-regex/-/ansi-regex-4.1.0.tgz#8b9f8f08cf1acb843756a839ca8c7e3168c51997"
  integrity sha512-1apePfXM1UOSqw0o9IiFAovVz9M5S1Dg+4TrDwfMewQ6p/rmMueb7tWZjQ1rx4Loy1ArBggoqGpfqqdI4rondg==

ansi-styles@^3.2.0, ansi-styles@^3.2.1:
  version "3.2.1"
  resolved "https://registry.yarnpkg.com/ansi-styles/-/ansi-styles-3.2.1.tgz#41fbb20243e50b12be0f04b8dedbf07520ce841d"
  integrity sha512-VT0ZI6kZRdTh8YyJw3SMbYm/u+NqfsAxEpWO0Pf9sq8/e94WxxOpPKx9FR1FlyCtOVDNOQ+8ntlqFxiRc+r5qA==
  dependencies:
    color-convert "^1.9.0"

arrify@^1.0.1:
  version "1.0.1"
  resolved "https://registry.yarnpkg.com/arrify/-/arrify-1.0.1.tgz#898508da2226f380df904728456849c1501a4b0d"
  integrity sha1-iYUI2iIm84DfkEcoRWhJwVAaSw0=

astral-regex@^1.0.0:
  version "1.0.0"
  resolved "https://registry.yarnpkg.com/astral-regex/-/astral-regex-1.0.0.tgz#6c8c3fb827dd43ee3918f27b82782ab7658a6fd9"
  integrity sha512-+Ryf6g3BKoRc7jfp7ad8tM4TtMiaWvbF/1/sQcZPkkS7ag3D5nMBCe2UfOTONtAkaG0tO0ij3C5Lwmf1EiyjHg==

auto-bind@^2.0.0:
  version "2.1.0"
  resolved "https://registry.yarnpkg.com/auto-bind/-/auto-bind-2.1.0.tgz#254e12d53063d7cab90446ce021accfb3faa1464"
  integrity sha512-qZuFvkes1eh9lB2mg8/HG18C+5GIO51r+RrCSst/lh+i5B1CtVlkhTE488M805Nr3dKl0sM/pIFKSKUIlg3zUg==
  dependencies:
    "@types/react" "^16.8.12"

chalk@2.4.2, chalk@^2.4.1, chalk@^2.4.2:
  version "2.4.2"
  resolved "https://registry.yarnpkg.com/chalk/-/chalk-2.4.2.tgz#cd42541677a54333cf541a49108c1432b44c9424"
  integrity sha512-Mti+f9lpJNcwF4tWV8/OrTTtF1gZi+f8FqlyAdouralcFWFQWF2+NgCHShjkCb+IFBLq9buZwE1xckQU4peSuQ==
  dependencies:
    ansi-styles "^3.2.1"
    escape-string-regexp "^1.0.5"
    supports-color "^5.3.0"

ci-info@^2.0.0:
  version "2.0.0"
  resolved "https://registry.yarnpkg.com/ci-info/-/ci-info-2.0.0.tgz#67a9e964be31a51e15e5010d58e6f12834002f46"
  integrity sha512-5tK7EtrZ0N+OLFMthtqOj4fI2Jeb88C4CAZPu25LDVUgXJ0A3Js4PMGqrn0JU1W0Mh1/Z8wZzYPxqUrXeBboCQ==

clean-stack@^1.3.0:
  version "1.3.0"
  resolved "https://registry.yarnpkg.com/clean-stack/-/clean-stack-1.3.0.tgz#9e821501ae979986c46b1d66d2d432db2fd4ae31"
  integrity sha1-noIVAa6XmYbEax1m0tQy2y/UrjE=

cli-cursor@^2.1.0:
  version "2.1.0"
  resolved "https://registry.yarnpkg.com/cli-cursor/-/cli-cursor-2.1.0.tgz#b35dac376479facc3e94747d41d0d0f5238ffcb5"
  integrity sha1-s12sN2R5+sw+lHR9QdDQ9SOP/LU=
  dependencies:
    restore-cursor "^2.0.0"

cli-spinners@^1.0.0:
  version "1.3.1"
  resolved "https://registry.yarnpkg.com/cli-spinners/-/cli-spinners-1.3.1.tgz#002c1990912d0d59580c93bd36c056de99e4259a"
  integrity sha512-1QL4544moEsDVH9T/l6Cemov/37iv1RtoKf7NJ04A60+4MREXNfx/QvavbH6QoGdsD4N4Mwy49cmaINR/o2mdg==

cli-truncate@^1.1.0:
  version "1.1.0"
  resolved "https://registry.yarnpkg.com/cli-truncate/-/cli-truncate-1.1.0.tgz#2b2dfd83c53cfd3572b87fc4d430a808afb04086"
  integrity sha512-bAtZo0u82gCfaAGfSNxUdTI9mNyza7D8w4CVCcaOsy7sgwDzvx6ekr6cuWJqY3UGzgnQ1+4wgENup5eIhgxEYA==
  dependencies:
    slice-ansi "^1.0.0"
    string-width "^2.0.0"

color-convert@^1.9.0:
  version "1.9.3"
  resolved "https://registry.yarnpkg.com/color-convert/-/color-convert-1.9.3.tgz#bb71850690e1f136567de629d2d5471deda4c1e8"
  integrity sha512-QfAUtd+vFdAtFQcC8CCyYt1fYWxSqAiK2cSD6zDB8N3cpsEBAvRxp9zOGg6G/SHHJYAT88/az/IuDGALsNVbGg==
  dependencies:
    color-name "1.1.3"

color-name@1.1.3:
  version "1.1.3"
  resolved "https://registry.yarnpkg.com/color-name/-/color-name-1.1.3.tgz#a7d0558bd89c42f795dd42328f740831ca53bc25"
  integrity sha1-p9BVi9icQveV3UIyj3QIMcpTvCU=

concurrify@^1.1.1:
  version "1.1.1"
  resolved "https://registry.yarnpkg.com/concurrify/-/concurrify-1.1.1.tgz#e903b6500b2ce9af7ac51bd5f2161f8db33cfb41"
  integrity sha512-m2UMqZAJ7Ys4Juu0IaToa/RbVuu5jR8dGVrwUOeQtfJjX0KDimUdPZ20tVrdSuqJwLaFbpI+lWxOmZSYxyCvmQ==
  dependencies:
    sanctuary-show "^1.0.0"
    sanctuary-type-identifiers "^2.0.0"

csstype@^2.2.0:
  version "2.6.5"
  resolved "https://registry.yarnpkg.com/csstype/-/csstype-2.6.5.tgz#1cd1dff742ebf4d7c991470ae71e12bb6751e034"
  integrity sha512-JsTaiksRsel5n7XwqPAfB0l3TFKdpjW/kgAELf9vrb5adGA7UCPLajKK5s3nFrcFm3Rkyp/Qkgl73ENc1UY3cA==

debug@^4.1.1:
  version "4.1.1"
  resolved "https://registry.yarnpkg.com/debug/-/debug-4.1.1.tgz#3b72260255109c6b589cee050f1d516139664791"
  integrity sha512-pYAIzeRo8J6KPEaJ0VWOh5Pzkbw/RetuzehGM7QRRX5he4fPHx2rdKMB256ehJCkX+XRQm16eZLqLNS8RSZXZw==
  dependencies:
    ms "^2.1.1"

emoji-regex@^7.0.1:
  version "7.0.3"
  resolved "https://registry.yarnpkg.com/emoji-regex/-/emoji-regex-7.0.3.tgz#933a04052860c85e83c122479c4748a8e4c72156"
  integrity sha512-CwBLREIQ7LvYFB0WyRvwhq5N5qPhc6PMjD6bYggFlI5YyDgl+0vxq5VHbMOFqLg7hfWzmu8T5Z1QofhmTIhItA==

escape-string-regexp@^1.0.5:
  version "1.0.5"
  resolved "https://registry.yarnpkg.com/escape-string-regexp/-/escape-string-regexp-1.0.5.tgz#1b61c0562190a8dff6ae3bb2cf0200ca130b86d4"
  integrity sha1-G2HAViGQqN/2rjuyzwIAyhMLhtQ=

fluture@^11.0.1:
  version "11.0.1"
  resolved "https://registry.yarnpkg.com/fluture/-/fluture-11.0.1.tgz#e7b0dace991bbe9670e73aa35cd170147ae00f4b"
  integrity sha512-3sLKXzScs6mQByQefKrlJ4D6dPPIIcy6yvDivnUzs4GNxaKBLAQu9vxkZ9WQpFb7BuhpQgS+sr6z/+f4KLGrOg==
  dependencies:
    concurrify "^1.1.1"
    sanctuary-show "^1.0.0"
    sanctuary-type-identifiers "^2.0.0"

fs-extra@^7.0.0:
  version "7.0.1"
  resolved "https://registry.yarnpkg.com/fs-extra/-/fs-extra-7.0.1.tgz#4f189c44aa123b895f722804f55ea23eadc348e9"
  integrity sha512-YJDaCJZEnBmcbw13fvdAM9AwNOJwOzrE4pqMqBq5nFiEqXUqHwlK4B+3pUw6JNvfSPtX05xFHtYy/1ni01eGCw==
  dependencies:
    graceful-fs "^4.1.2"
    jsonfile "^4.0.0"
    universalify "^0.1.0"

graceful-fs@^4.1.2, graceful-fs@^4.1.6:
  version "4.1.15"
  resolved "https://registry.yarnpkg.com/graceful-fs/-/graceful-fs-4.1.15.tgz#ffb703e1066e8a0eeaa4c8b80ba9253eeefbfb00"
  integrity sha512-6uHUhOPEBgQ24HM+r6b/QwWfZq+yiFcipKFrOFiBEnWdy5sdzYoi+pJeQaPI5qOLRFqWmAXUPQNsielzdLoecA==

has-flag@^3.0.0:
  version "3.0.0"
  resolved "https://registry.yarnpkg.com/has-flag/-/has-flag-3.0.0.tgz#b5d454dc2199ae225699f3467e5a07f3b955bafd"
  integrity sha1-tdRU3CGZriJWmfNGfloH87lVuv0=

indent-string@^3.2.0:
  version "3.2.0"
  resolved "https://registry.yarnpkg.com/indent-string/-/indent-string-3.2.0.tgz#4a5fd6d27cc332f37e5419a504dbb837105c9289"
  integrity sha1-Sl/W0nzDMvN+VBmlBNu4NxBckok=

ink-spinner@3.0.1:
  version "3.0.1"
  resolved "https://registry.yarnpkg.com/ink-spinner/-/ink-spinner-3.0.1.tgz#7b4b206d2b18538701fd92593f9acabbfe308dce"
  integrity sha512-AVR4Z/NXDQ7dT5ltWcCzFS9Dd4T8eaO//E2UO8VYNiJcZpPCSJ11o5A0UVPcMlZxGbGD6ikUFDR3ZgPUQk5haQ==
  dependencies:
    cli-spinners "^1.0.0"
    prop-types "^15.5.10"

ink@2.3.0:
  version "2.3.0"
  resolved "https://registry.yarnpkg.com/ink/-/ink-2.3.0.tgz#222136be17bb72fc742e19090483e7e0e7dc3690"
  integrity sha512-931rgXHAS3hM++8ygWPOBeHOFwTzHh3pDAVZtiBVOUH6tVvJijym43ODUy22ySo2NwYUFeR/Zj3xuWzBEKMiHw==
  dependencies:
    "@types/react" "^16.8.6"
    arrify "^1.0.1"
    auto-bind "^2.0.0"
    chalk "^2.4.1"
    cli-cursor "^2.1.0"
    cli-truncate "^1.1.0"
    is-ci "^2.0.0"
    lodash.throttle "^4.1.1"
    log-update "^3.0.0"
    prop-types "^15.6.2"
    react-reconciler "^0.20.0"
    scheduler "^0.13.2"
    signal-exit "^3.0.2"
    slice-ansi "^1.0.0"
    string-length "^2.0.0"
    widest-line "^2.0.0"
    wrap-ansi "^5.0.0"
    yoga-layout-prebuilt "^1.9.3"

is-ci@^2.0.0:
  version "2.0.0"
  resolved "https://registry.yarnpkg.com/is-ci/-/is-ci-2.0.0.tgz#6bc6334181810e04b5c22b3d589fdca55026404c"
  integrity sha512-YfJT7rkpQB0updsdHLGWrvhBJfcfzNNawYDNIyQXJz0IViGf75O8EBPKSdvw2rF+LGCsX4FZ8tcr3b19LcZq4w==
  dependencies:
    ci-info "^2.0.0"

is-fullwidth-code-point@^2.0.0:
  version "2.0.0"
  resolved "https://registry.yarnpkg.com/is-fullwidth-code-point/-/is-fullwidth-code-point-2.0.0.tgz#a3b30a5c4f199183167aaab93beefae3ddfb654f"
  integrity sha1-o7MKXE8ZkYMWeqq5O+764937ZU8=

"js-tokens@^3.0.0 || ^4.0.0":
  version "4.0.0"
  resolved "https://registry.yarnpkg.com/js-tokens/-/js-tokens-4.0.0.tgz#19203fb59991df98e3a287050d4647cdeaf32499"
  integrity sha512-RdJUflcE3cUzKiMqQgsCu06FPu9UdIJO0beYbPhHN4k6apgJtifcoCtT9bcxOpYBtpD2kCM6Sbzg4CausW/PKQ==

jsonfile@^4.0.0:
  version "4.0.0"
  resolved "https://registry.yarnpkg.com/jsonfile/-/jsonfile-4.0.0.tgz#8771aae0799b64076b76640fca058f9c10e33ecb"
  integrity sha1-h3Gq4HmbZAdrdmQPygWPnBDjPss=
  optionalDependencies:
    graceful-fs "^4.1.6"

lodash._reinterpolate@~3.0.0:
  version "3.0.0"
  resolved "https://registry.yarnpkg.com/lodash._reinterpolate/-/lodash._reinterpolate-3.0.0.tgz#0ccf2d89166af03b3663c796538b75ac6e114d9d"
  integrity sha1-DM8tiRZq8Ds2Y8eWU4t1rG4RTZ0=

lodash.template@^4.4.0:
  version "4.4.0"
  resolved "https://registry.yarnpkg.com/lodash.template/-/lodash.template-4.4.0.tgz#e73a0385c8355591746e020b99679c690e68fba0"
  integrity sha1-5zoDhcg1VZF0bgILmWecaQ5o+6A=
  dependencies:
    lodash._reinterpolate "~3.0.0"
    lodash.templatesettings "^4.0.0"

lodash.templatesettings@^4.0.0:
  version "4.1.0"
  resolved "https://registry.yarnpkg.com/lodash.templatesettings/-/lodash.templatesettings-4.1.0.tgz#2b4d4e95ba440d915ff08bc899e4553666713316"
  integrity sha1-K01OlbpEDZFf8IvImeRVNmZxMxY=
  dependencies:
    lodash._reinterpolate "~3.0.0"

lodash.throttle@^4.1.1:
  version "4.1.1"
  resolved "https://registry.yarnpkg.com/lodash.throttle/-/lodash.throttle-4.1.1.tgz#c23e91b710242ac70c37f1e1cda9274cc39bf2f4"
  integrity sha1-wj6RtxAkKscMN/HhzaknTMOb8vQ=

log-update@^3.0.0:
  version "3.2.0"
  resolved "https://registry.yarnpkg.com/log-update/-/log-update-3.2.0.tgz#719f24293250d65d0165f4e2ec2ed805ff062eec"
  integrity sha512-KJ6zAPIHWo7Xg1jYror6IUDFJBq1bQ4Bi4wAEp2y/0ScjBBVi/g0thr0sUVhuvuXauWzczt7T2QHghPDNnKBuw==
  dependencies:
    ansi-escapes "^3.2.0"
    cli-cursor "^2.1.0"
    wrap-ansi "^5.0.0"

loose-envify@^1.1.0, loose-envify@^1.4.0:
  version "1.4.0"
  resolved "https://registry.yarnpkg.com/loose-envify/-/loose-envify-1.4.0.tgz#71ee51fa7be4caec1a63839f7e682d8132d30caf"
  integrity sha512-lyuxPGr/Wfhrlem2CL/UcnUc1zcqKAImBDzukY7Y5F/yQiNdko6+fRLevlw1HgMySw7f611UIY408EtxRSoK3Q==
  dependencies:
    js-tokens "^3.0.0 || ^4.0.0"

mimic-fn@^1.0.0:
  version "1.2.0"
  resolved "https://registry.yarnpkg.com/mimic-fn/-/mimic-fn-1.2.0.tgz#820c86a39334640e99516928bd03fca88057d022"
  integrity sha512-jf84uxzwiuiIVKiOLpfYk7N46TSy8ubTonmneY9vrpHNAnp0QBt2BxWV9dO3/j+BoVAb+a5G6YDPW3M5HOdMWQ==

ms@^2.1.1:
  version "2.1.2"
  resolved "https://registry.yarnpkg.com/ms/-/ms-2.1.2.tgz#d09d1f357b443f493382a8eb3ccd183872ae6009"
  integrity sha512-sGkPx+VjMtmA6MX27oA4FBFELFCZZ4S4XqeGOXCv68tT+jb3vk/RyaKWP0PTKyWtmLSM0b+adUTEvbs1PEaH2w==

object-assign@^4.1.1:
  version "4.1.1"
  resolved "https://registry.yarnpkg.com/object-assign/-/object-assign-4.1.1.tgz#2109adc7965887cfc05cbbd442cac8bfbb360863"
  integrity sha1-IQmtx5ZYh8/AXLvUQsrIv7s2CGM=

onetime@^2.0.0:
  version "2.0.1"
  resolved "https://registry.yarnpkg.com/onetime/-/onetime-2.0.1.tgz#067428230fd67443b2794b22bba528b6867962d4"
  integrity sha1-BnQoIw/WdEOyeUsiu6UotoZ5YtQ=
  dependencies:
    mimic-fn "^1.0.0"

prop-types@^15.5.10, prop-types@^15.6.2:
  version "15.7.2"
  resolved "https://registry.yarnpkg.com/prop-types/-/prop-types-15.7.2.tgz#52c41e75b8c87e72b9d9360e0206b99dcbffa6c5"
  integrity sha512-8QQikdH7//R2vurIJSutZ1smHYTcLpRWEOlHnzcWHmBYrOGUysKwSsrC89BCiFj3CbrfJ/nXFdJepOVrY1GCHQ==
  dependencies:
    loose-envify "^1.4.0"
    object-assign "^4.1.1"
    react-is "^16.8.1"

react-is@^16.8.1:
  version "16.8.6"
  resolved "https://registry.yarnpkg.com/react-is/-/react-is-16.8.6.tgz#5bbc1e2d29141c9fbdfed456343fe2bc430a6a16"
  integrity sha512-aUk3bHfZ2bRSVFFbbeVS4i+lNPZr3/WM5jT2J5omUVV1zzcs1nAaf3l51ctA5FFvCRbhrH0bdAsRRQddFJZPtA==

react-reconciler@^0.20.0:
  version "0.20.4"
  resolved "https://registry.yarnpkg.com/react-reconciler/-/react-reconciler-0.20.4.tgz#3da6a95841592f849cb4edd3d38676c86fd920b2"
  integrity sha512-kxERc4H32zV2lXMg/iMiwQHOtyqf15qojvkcZ5Ja2CPkjVohHw9k70pdDBwrnQhLVetUJBSYyqU3yqrlVTOajA==
  dependencies:
    loose-envify "^1.1.0"
    object-assign "^4.1.1"
    prop-types "^15.6.2"
    scheduler "^0.13.6"

react@16.8.6:
  version "16.8.6"
  resolved "https://registry.yarnpkg.com/react/-/react-16.8.6.tgz#ad6c3a9614fd3a4e9ef51117f54d888da01f2bbe"
  integrity sha512-pC0uMkhLaHm11ZSJULfOBqV4tIZkx87ZLvbbQYunNixAAvjnC+snJCg0XQXn9VIsttVsbZP/H/ewzgsd5fxKXw==
  dependencies:
    loose-envify "^1.1.0"
    object-assign "^4.1.1"
    prop-types "^15.6.2"
    scheduler "^0.13.6"

restore-cursor@^2.0.0:
  version "2.0.0"
  resolved "https://registry.yarnpkg.com/restore-cursor/-/restore-cursor-2.0.0.tgz#9f7ee287f82fd326d4fd162923d62129eee0dfaf"
  integrity sha1-n37ih/gv0ybU/RYpI9YhKe7g368=
  dependencies:
    onetime "^2.0.0"
    signal-exit "^3.0.2"

sanctuary-show@^1.0.0:
  version "1.0.0"
  resolved "https://registry.yarnpkg.com/sanctuary-show/-/sanctuary-show-1.0.0.tgz#72deb4812f9decec850e03286807dca1c97a1d61"
  integrity sha512-63UqNGr5M6wkzKp6eGc/Gy6JBIV2PbzPd3q88+0F9z0qydAQsCWJ+7e4oor39rEEwj2GkZMDEhqGuiMl9eEnYw==

sanctuary-type-identifiers@^2.0.0:
  version "2.0.1"
  resolved "https://registry.yarnpkg.com/sanctuary-type-identifiers/-/sanctuary-type-identifiers-2.0.1.tgz#fc524cf6dd92cebfcbb0dd9509eff193159a20ed"
  integrity sha1-/FJM9t2Szr/LsN2VCe/xkxWaIO0=

scheduler@^0.13.2, scheduler@^0.13.6:
  version "0.13.6"
  resolved "https://registry.yarnpkg.com/scheduler/-/scheduler-0.13.6.tgz#466a4ec332467b31a91b9bf74e5347072e4cd889"
  integrity sha512-IWnObHt413ucAYKsD9J1QShUKkbKLQQHdxRyw73sw4FN26iWr3DY/H34xGPe4nmL1DwXyWmSWmMrA9TfQbE/XQ==
  dependencies:
    loose-envify "^1.1.0"
    object-assign "^4.1.1"

semver@^5.6.0:
  version "5.7.0"
  resolved "https://registry.yarnpkg.com/semver/-/semver-5.7.0.tgz#790a7cf6fea5459bac96110b29b60412dc8ff96b"
  integrity sha512-Ya52jSX2u7QKghxeoFGpLwCtGlt7j0oY9DYb5apt9nPlJ42ID+ulTXESnt/qAQcoSERyZ5sl3LDIOw0nAn/5DA==

signal-exit@^3.0.2:
  version "3.0.2"
  resolved "https://registry.yarnpkg.com/signal-exit/-/signal-exit-3.0.2.tgz#b5fdc08f1287ea1178628e415e25132b73646c6d"
  integrity sha1-tf3AjxKH6hF4Yo5BXiUTK3NkbG0=

slice-ansi@^1.0.0:
  version "1.0.0"
  resolved "https://registry.yarnpkg.com/slice-ansi/-/slice-ansi-1.0.0.tgz#044f1a49d8842ff307aad6b505ed178bd950134d"
  integrity sha512-POqxBK6Lb3q6s047D/XsDVNPnF9Dl8JSaqe9h9lURl0OdNqy/ujDrOiIHtsqXMGbWWTIomRzAMaTyawAU//Reg==
  dependencies:
    is-fullwidth-code-point "^2.0.0"

string-length@^2.0.0:
  version "2.0.0"
  resolved "https://registry.yarnpkg.com/string-length/-/string-length-2.0.0.tgz#d40dbb686a3ace960c1cffca562bf2c45f8363ed"
  integrity sha1-1A27aGo6zpYMHP/KVivyxF+DY+0=
  dependencies:
    astral-regex "^1.0.0"
    strip-ansi "^4.0.0"

string-width@^2.0.0, string-width@^2.1.1:
  version "2.1.1"
  resolved "https://registry.yarnpkg.com/string-width/-/string-width-2.1.1.tgz#ab93f27a8dc13d28cac815c462143a6d9012ae9e"
  integrity sha512-nOqH59deCq9SRHlxq1Aw85Jnt4w6KvLKqWVik6oA9ZklXLNIOlqg4F2yrT1MVaTjAqvVwdfeZ7w7aCvJD7ugkw==
  dependencies:
    is-fullwidth-code-point "^2.0.0"
    strip-ansi "^4.0.0"

string-width@^3.0.0:
  version "3.1.0"
  resolved "https://registry.yarnpkg.com/string-width/-/string-width-3.1.0.tgz#22767be21b62af1081574306f69ac51b62203961"
  integrity sha512-vafcv6KjVZKSgz06oM/H6GDBrAtz8vdhQakGjFIvNrHA6y3HCF1CInLy+QLq8dTJPQ1b+KDUqDFctkdRW44e1w==
  dependencies:
    emoji-regex "^7.0.1"
    is-fullwidth-code-point "^2.0.0"
    strip-ansi "^5.1.0"

strip-ansi@^4.0.0:
  version "4.0.0"
  resolved "https://registry.yarnpkg.com/strip-ansi/-/strip-ansi-4.0.0.tgz#a8479022eb1ac368a871389b635262c505ee368f"
  integrity sha1-qEeQIusaw2iocTibY1JixQXuNo8=
  dependencies:
    ansi-regex "^3.0.0"

strip-ansi@^5.0.0, strip-ansi@^5.1.0:
  version "5.2.0"
  resolved "https://registry.yarnpkg.com/strip-ansi/-/strip-ansi-5.2.0.tgz#8c9a536feb6afc962bdfa5b104a5091c1ad9c0ae"
  integrity sha512-DuRs1gKbBqsMKIZlrffwlug8MHkcnpjs5VPmL1PAh+mA30U0DTotfDZ0d2UUsXpPmPmMMJ6W773MaA3J+lbiWA==
  dependencies:
    ansi-regex "^4.1.0"

supports-color@^5.3.0:
  version "5.5.0"
  resolved "https://registry.yarnpkg.com/supports-color/-/supports-color-5.5.0.tgz#e2e69a44ac8772f78a1ec0b35b689df6530efc8f"
  integrity sha512-QjVjwdXIt408MIiAqCX4oUKsgU2EqAGzs2Ppkm4aQYbjm+ZEWEcW4SfFNTr4uMNZma0ey4f5lgLrkB0aX0QMow==
  dependencies:
    has-flag "^3.0.0"

tslib@^1.9.3:
  version "1.9.3"
  resolved "https://registry.yarnpkg.com/tslib/-/tslib-1.9.3.tgz#d7e4dd79245d85428c4d7e4822a79917954ca286"
  integrity sha512-4krF8scpejhaOgqzBEcGM7yDIEfi0/8+8zDRZhNZZ2kjmHJ4hv3zCbQWxoJGz1iw5U0Jl0nma13xzHXcncMavQ==

typescript@3.5.1:
  version "3.5.1"
  resolved "https://registry.yarnpkg.com/typescript/-/typescript-3.5.1.tgz#ba72a6a600b2158139c5dd8850f700e231464202"
  integrity sha512-64HkdiRv1yYZsSe4xC1WVgamNigVYjlssIoaH2HcZF0+ijsk5YK2g0G34w9wJkze8+5ow4STd22AynfO6ZYYLw==

universalify@^0.1.0:
  version "0.1.2"
  resolved "https://registry.yarnpkg.com/universalify/-/universalify-0.1.2.tgz#b646f69be3942dabcecc9d6639c80dc105efaa66"
  integrity sha512-rBJeI5CXAlmy1pV+617WB9J63U6XcazHHF2f2dbJix4XzpUF0RS3Zbj0FGIOCAva5P/d/GBOYaACQ1w+0azUkg==

widest-line@^2.0.0, widest-line@^2.0.1:
  version "2.0.1"
  resolved "https://registry.yarnpkg.com/widest-line/-/widest-line-2.0.1.tgz#7438764730ec7ef4381ce4df82fb98a53142a3fc"
  integrity sha512-Ba5m9/Fa4Xt9eb2ELXt77JxVDV8w7qQrH0zS/TWSJdLyAwQjWoOzpzj5lwVftDz6n/EOu3tNACS84v509qwnJA==
  dependencies:
    string-width "^2.1.1"

wrap-ansi@^4.0.0:
  version "4.0.0"
  resolved "https://registry.yarnpkg.com/wrap-ansi/-/wrap-ansi-4.0.0.tgz#b3570d7c70156159a2d42be5cc942e957f7b1131"
  integrity sha512-uMTsj9rDb0/7kk1PbcbCcwvHUxp60fGDB/NNXpVa0Q+ic/e7y5+BwTxKfQ33VYgDppSwi/FBzpetYzo8s6tfbg==
  dependencies:
    ansi-styles "^3.2.0"
    string-width "^2.1.1"
    strip-ansi "^4.0.0"

wrap-ansi@^5.0.0:
  version "5.1.0"
  resolved "https://registry.yarnpkg.com/wrap-ansi/-/wrap-ansi-5.1.0.tgz#1fd1f67235d5b6d0fee781056001bfb694c03b09"
  integrity sha512-QC1/iN/2/RPVJ5jYK8BGttj5z83LmSKmvbvrXPNCLZSEb32KKVDJDl/MOt2N01qU2H/FkzEa9PKto1BqDjtd7Q==
  dependencies:
    ansi-styles "^3.2.0"
    string-width "^3.0.0"
    strip-ansi "^5.0.0"

yoga-layout-prebuilt@^1.9.3:
  version "1.9.3"
  resolved "https://registry.yarnpkg.com/yoga-layout-prebuilt/-/yoga-layout-prebuilt-1.9.3.tgz#11e3be29096afe3c284e5d963cc2d628148c1372"
  integrity sha512-9SNQpwuEh2NucU83i2KMZnONVudZ86YNcFk9tq74YaqrQfgJWO3yB9uzH1tAg8iqh5c9F5j0wuyJ2z72wcum2w==
